# THIS IS AN AUTOGENERATED FILE. DO NOT EDIT THIS FILE DIRECTLY.
# yarn lockfile v1


agora-access-token@^2.0.4:
  version "2.0.4"
  resolved "https://registry.yarnpkg.com/agora-access-token/-/agora-access-token-2.0.4.tgz#6a6d5996011f6000035d923342296c2594d94f82"
  integrity sha512-RtOIvi4PqV1ok3rdnopMZeVwiUqZgG9Pp56kqxJc5cU/+ljRBzs1Al+IThD5ahm528dGsdY1TyP1bJdqmgBCbQ==
  dependencies:
    crc-32 "1.2.0"
    cuint "0.2.2"

crc-32@1.2.0:
  version "1.2.0"
  resolved "https://registry.yarnpkg.com/crc-32/-/crc-32-1.2.0.tgz#cb2db6e29b88508e32d9dd0ec1693e7b41a18208"
  integrity sha512-1uBwHxF+Y/4yF5G48fwnKq6QsIXheor3ZLPT80yGBV1oEUwpPojlEhQbWKVw1VwcTQyMGHK1/XMmTjmlsmTTGA==
  dependencies:
    exit-on-epipe "~1.0.1"
    printj "~1.1.0"

cuint@0.2.2:
  version "0.2.2"
  resolved "https://registry.yarnpkg.com/cuint/-/cuint-0.2.2.tgz#408086d409550c2631155619e9fa7bcadc3b991b"
  integrity sha1-QICG1AlVDCYxFVYZ6fp7ytw7mRs=

dotenv@^8.2.0:
  version "8.2.0"
  resolved "https://registry.yarnpkg.com/dotenv/-/dotenv-8.2.0.tgz#97e619259ada750eea3e4ea3e26bceea5424b16a"
  integrity sha512-8sJ78ElpbDJBHNeBzUbUVLsqKdccaa/BXF1uPTw3GrvQTBgrQrtObr2mUrE38vzYd8cEv+m/JBfDLioYcfXoaw==

exit-on-epipe@~1.0.1:
  version "1.0.1"
  resolved "https://registry.yarnpkg.com/exit-on-epipe/-/exit-on-epipe-1.0.1.tgz#0bdd92e87d5285d267daa8171d0eb06159689692"
  integrity sha512-h2z5mrROTxce56S+pnvAV890uu7ls7f1kEvVGJbw1OlFH3/mlJ5bkXu0KRyW94v37zzHPiUd55iLn3DA7TjWpw==

minimist@^1.2.5:
  version "1.2.5"
  resolved "https://registry.yarnpkg.com/minimist/-/minimist-1.2.5.tgz#67d66014b66a6a8aaa0c083c5fd58df4e4e97602"
  integrity sha512-FM9nNUYrRBAELZQT3xeZQ7fmMOBg6nWNmJKTcgsJeaLstP/UODVpGsr5OhXhhXg6f+qtJ8uiZ+PUxkDWcgIXLw==

printj@~1.1.0:
  version "1.1.2"
  resolved "https://registry.yarnpkg.com/printj/-/printj-1.1.2.tgz#d90deb2975a8b9f600fb3a1c94e3f4c53c78a222"
  integrity sha512-zA2SmoLaxZyArQTOPj5LXecR+RagfPSU5Kw1qP+jkWeNlrq+eJZyY2oS68SU1Z/7/myXM4lo9716laOFAVStCQ==
